<?xml version="1.0" encoding="utf-8"?>
<Project ToolsVersion="4.0" xmlns="http://schemas.microsoft.com/developer/msbuild/2003">
  <ItemGroup>
    <ClCompile Include="BackGround.cpp" />
    <ClCompile Include="Cloud.cpp" />
    <ClCompile Include="ContentCore.cpp" />
    <ClCompile Include="GameStateManager.cpp" />
    <ClCompile Include="GameTurn.cpp" />
    <ClCompile Include="GravityActor.cpp" />
    <ClCompile Include="Ground.cpp" />
    <ClCompile Include="Hole.cpp" />
    <ClCompile Include="LobbyLevel.cpp" />
    <ClCompile Include="ModeSelectLevel.cpp" />
    <ClCompile Include="MouseObject.cpp" />
    <ClCompile Include="Player.cpp" />
    <ClCompile Include="Player_State.cpp" />
    <ClCompile Include="PlayLevel.cpp" />
    <ClCompile Include="TitleLevel.cpp" />
    <ClCompile Include="UI_Box_AllTeamHpBar.cpp" />
    <ClCompile Include="UI_Box_Barracks.cpp" />
    <ClCompile Include="UI_Box_SchemeOption.cpp" />
    <ClCompile Include="UI_Box_Teams.cpp" />
    <ClCompile Include="UI_Box_Terrain.cpp" />
    <ClCompile Include="UI_Button.cpp" />
    <ClCompile Include="UI_Button_StartGame.cpp" />
    <ClCompile Include="UI_FadeObject.cpp" />
    <ClCompile Include="UI_IntroLogo.cpp" />
    <ClCompile Include="UI_Inventory.cpp" />
    <ClCompile Include="UI_Lobby_SelectTitle.cpp" />
    <ClCompile Include="UI_MainLogo.cpp" />
    <ClCompile Include="UI_Meteor.cpp" />
    <ClCompile Include="UI_Mouse.cpp" />
    <ClCompile Include="UI_PlayerDamage.cpp" />
    <ClCompile Include="UI_PlayerInfo.cpp" />
    <ClCompile Include="UI_RoundTime_Button.cpp" />
    <ClCompile Include="UI_TeamHpBar.cpp" />
    <ClCompile Include="UI_Teleportin_Button.cpp" />
    <ClCompile Include="UI_Terrain_Button.cpp" />
    <ClCompile Include="UI_Timer.cpp" />
    <ClCompile Include="UI_TurnTime_Button.cpp" />
    <ClCompile Include="UI_Wind.cpp" />
    <ClCompile Include="UI_Win_Button.cpp" />
    <ClCompile Include="UI_WormMaxHp_Button.cpp" />
    <ClCompile Include="UI_WormSelect_Button.cpp" />
    <ClCompile Include="UnderWater.cpp" />
    <ClCompile Include="Wave.cpp" />
    <ClCompile Include="Wind.cpp" />
    <ClCompile Include="Bazooka.cpp">
      <Filter>Weapon</Filter>
    </ClCompile>
    <ClCompile Include="Grenade.cpp">
      <Filter>Weapon</Filter>
    </ClCompile>
    <ClCompile Include="HomingMissile.cpp">
      <Filter>Weapon</Filter>
    </ClCompile>
    <ClCompile Include="Self_Bomb.cpp">
      <Filter>Weapon</Filter>
    </ClCompile>
    <ClCompile Include="Sheep.cpp">
      <Filter>Weapon</Filter>
    </ClCompile>
    <ClCompile Include="Uzi.cpp">
      <Filter>Weapon</Filter>
    </ClCompile>
    <ClCompile Include="Weapon.cpp">
      <Filter>Weapon</Filter>
    </ClCompile>
    <ClCompile Include="BombEffect.cpp">
      <Filter>Effect</Filter>
    </ClCompile>
    <ClCompile Include="FlyEffect.cpp">
      <Filter>Effect</Filter>
    </ClCompile>
    <ClCompile Include="Range25.cpp">
      <Filter>Effect</Filter>
    </ClCompile>
    <ClCompile Include="Range50.cpp">
      <Filter>Effect</Filter>
    </ClCompile>
    <ClCompile Include="Range75.cpp">
      <Filter>Effect</Filter>
    </ClCompile>
    <ClCompile Include="Range100.cpp">
      <Filter>Effect</Filter>
    </ClCompile>
  </ItemGroup>
  <ItemGroup>
    <ClInclude Include="BackGround.h" />
    <ClInclude Include="Cloud.h" />
    <ClInclude Include="ContentCore.h" />
    <ClInclude Include="ContentsDefine.h" />
    <ClInclude Include="ContentsEnum.h" />
    <ClInclude Include="GameStateManager.h" />
    <ClInclude Include="GameTurn.h" />
    <ClInclude Include="GravityActor.h" />
    <ClInclude Include="Ground.h" />
    <ClInclude Include="Hole.h" />
    <ClInclude Include="LobbyLevel.h" />
    <ClInclude Include="ModeSelectLevel.h" />
    <ClInclude Include="MouseObject.h" />
    <ClInclude Include="Player.h" />
    <ClInclude Include="PlayLevel.h" />
    <ClInclude Include="TitleLevel.h" />
    <ClInclude Include="UI_Box_AllTeamHpBar.h" />
    <ClInclude Include="UI_Box_Barracks.h" />
    <ClInclude Include="UI_Box_SchemeOption.h" />
    <ClInclude Include="UI_Box_Teams.h" />
    <ClInclude Include="UI_Box_Terrain.h" />
    <ClInclude Include="UI_Button.h" />
    <ClInclude Include="UI_Button_StartGame.h" />
    <ClInclude Include="UI_FadeObject.h" />
    <ClInclude Include="UI_IntroLogo.h" />
    <ClInclude Include="UI_Inventory.h" />
    <ClInclude Include="UI_Lobby_SelectTitle.h" />
    <ClInclude Include="UI_MainLogo.h" />
    <ClInclude Include="UI_Meteor.h" />
    <ClInclude Include="UI_Mouse.h" />
    <ClInclude Include="UI_PlayerDamage.h" />
    <ClInclude Include="UI_PlayerInfo.h" />
    <ClInclude Include="UI_RoundTime_Button.h" />
    <ClInclude Include="UI_TeamHpBar.h" />
    <ClInclude Include="UI_Teleportin_Button.h" />
    <ClInclude Include="UI_Terrain_Button.h" />
    <ClInclude Include="UI_Timer.h" />
    <ClInclude Include="UI_TurnTime_Button.h" />
    <ClInclude Include="UI_Wind.h" />
    <ClInclude Include="UI_Win_Button.h" />
    <ClInclude Include="UI_WormMaxHp_Button.h" />
    <ClInclude Include="UI_WormSelect_Button.h" />
    <ClInclude Include="UnderWater.h" />
    <ClInclude Include="Wave.h" />
    <ClInclude Include="Wind.h" />
    <ClInclude Include="Bazooka.h">
      <Filter>Weapon</Filter>
    </ClInclude>
    <ClInclude Include="Grenade.h">
      <Filter>Weapon</Filter>
    </ClInclude>
    <ClInclude Include="HomingMissile.h">
      <Filter>Weapon</Filter>
    </ClInclude>
    <ClInclude Include="Self_Bomb.h">
      <Filter>Weapon</Filter>
    </ClInclude>
    <ClInclude Include="Sheep.h">
      <Filter>Weapon</Filter>
    </ClInclude>
    <ClInclude Include="Uzi.h">
      <Filter>Weapon</Filter>
    </ClInclude>
    <ClInclude Include="Weapon.h">
      <Filter>Weapon</Filter>
    </ClInclude>
    <ClInclude Include="BombEffect.h">
      <Filter>Effect</Filter>
    </ClInclude>
    <ClInclude Include="FlyEffect.h">
      <Filter>Effect</Filter>
    </ClInclude>
    <ClInclude Include="Range25.h">
      <Filter>Effect</Filter>
    </ClInclude>
    <ClInclude Include="Range50.h">
      <Filter>Effect</Filter>
    </ClInclude>
    <ClInclude Include="Range75.h">
      <Filter>Effect</Filter>
    </ClInclude>
    <ClInclude Include="Range100.h">
      <Filter>Effect</Filter>
    </ClInclude>
  </ItemGroup>
  <ItemGroup>
    <Filter Include="Weapon">
      <UniqueIdentifier>{60cdbe29-a34e-4009-8f5b-dde359537e0b}</UniqueIdentifier>
    </Filter>
    <Filter Include="Effect">
      <UniqueIdentifier>{4763a82d-5de8-4f54-9d9b-d16998906060}</UniqueIdentifier>
    </Filter>
  </ItemGroup>
</Project>